
Microsoft Visual Studio Solution File, Format Version 12.00
# Visual Studio 2013
VisualStudioVersion = 12.0.40629.0
MinimumVisualStudioVersion = 10.0.40219.1
Project("{2150E333-8FDC-42A3-9474-1A3956D46DE8}") = ".nuget", ".nuget", "{217C661B-3CF6-4835-B811-F8698E46523E}"
	ProjectSection(SolutionItems) = preProject
		.nuget\packages.config = .nuget\packages.config
	EndProjectSection
EndProject
Project("{2150E333-8FDC-42A3-9474-1A3956D46DE8}") = "Solution Items", "Solution Items", "{0D76AC0C-1D08-4A45-8EA0-69B1C0002CB6}"
	ProjectSection(SolutionItems) = preProject
		BuildDocs.bat = BuildDocs.bat
		readme.md = readme.md
	EndProjectSection
EndProject
Project("{FAE04EC0-301F-11D3-BF4B-00C04F79EFBC}") = "FuelSDK-CSharpCore", "FuelSDK-CSharpCore\FuelSDK-CSharpCore.csproj", "{B84DCE24-39FA-4A33-9EEC-1B1D41BB1183}"
EndProject
Global
	GlobalSection(SolutionConfigurationPlatforms) = preSolution
		Debug.4|Any CPU = Debug.4|Any CPU
		Debug.4|Mixed Platforms = Debug.4|Mixed Platforms
		Debug.4|x86 = Debug.4|x86
		Debug|Any CPU = Debug|Any CPU
		Debug|Mixed Platforms = Debug|Mixed Platforms
		Debug|x86 = Debug|x86
		Release.4|Any CPU = Release.4|Any CPU
		Release.4|Mixed Platforms = Release.4|Mixed Platforms
		Release.4|x86 = Release.4|x86
		Release|Any CPU = Release|Any CPU
		Release|Mixed Platforms = Release|Mixed Platforms
		Release|x86 = Release|x86
	EndGlobalSection
	GlobalSection(ProjectConfigurationPlatforms) = postSolution
		{B84DCE24-39FA-4A33-9EEC-1B1D41BB1183}.Debug.4|Any CPU.ActiveCfg = Debug|Any CPU
		{B84DCE24-39FA-4A33-9EEC-1B1D41BB1183}.Debug.4|Any CPU.Build.0 = Debug|Any CPU
		{B84DCE24-39FA-4A33-9EEC-1B1D41BB1183}.Debug.4|Mixed Platforms.ActiveCfg = Debug|Any CPU
		{B84DCE24-39FA-4A33-9EEC-1B1D41BB1183}.Debug.4|Mixed Platforms.Build.0 = Debug|Any CPU
		{B84DCE24-39FA-4A33-9EEC-1B1D41BB1183}.Debug.4|x86.ActiveCfg = Debug|Any CPU
		{B84DCE24-39FA-4A33-9EEC-1B1D41BB1183}.Debug.4|x86.Build.0 = Debug|Any CPU
		{B84DCE24-39FA-4A33-9EEC-1B1D41BB1183}.Debug|Any CPU.ActiveCfg = Debug|Any CPU
		{B84DCE24-39FA-4A33-9EEC-1B1D41BB1183}.Debug|Any CPU.Build.0 = Debug|Any CPU
		{B84DCE24-39FA-4A33-9EEC-1B1D41BB1183}.Debug|Mixed Platforms.ActiveCfg = Debug|Any CPU
		{B84DCE24-39FA-4A33-9EEC-1B1D41BB1183}.Debug|Mixed Platforms.Build.0 = Debug|Any CPU
		{B84DCE24-39FA-4A33-9EEC-1B1D41BB1183}.Debug|x86.ActiveCfg = Debug|Any CPU
		{B84DCE24-39FA-4A33-9EEC-1B1D41BB1183}.Debug|x86.Build.0 = Debug|Any CPU
		{B84DCE24-39FA-4A33-9EEC-1B1D41BB1183}.Release.4|Any CPU.ActiveCfg = Debug|Any CPU
		{B84DCE24-39FA-4A33-9EEC-1B1D41BB1183}.Release.4|Any CPU.Build.0 = Debug|Any CPU
		{B84DCE24-39FA-4A33-9EEC-1B1D41BB1183}.Release.4|Mixed Platforms.ActiveCfg = Debug|Any CPU
		{B84DCE24-39FA-4A33-9EEC-1B1D41BB1183}.Release.4|Mixed Platforms.Build.0 = Debug|Any CPU
		{B84DCE24-39FA-4A33-9EEC-1B1D41BB1183}.Release.4|x86.ActiveCfg = Debug|Any CPU
		{B84DCE24-39FA-4A33-9EEC-1B1D41BB1183}.Release.4|x86.Build.0 = Debug|Any CPU
		{B84DCE24-39FA-4A33-9EEC-1B1D41BB1183}.Release|Any CPU.ActiveCfg = Release|Any CPU
		{B84DCE24-39FA-4A33-9EEC-1B1D41BB1183}.Release|Any CPU.Build.0 = Release|Any CPU
		{B84DCE24-39FA-4A33-9EEC-1B1D41BB1183}.Release|Mixed Platforms.ActiveCfg = Release|Any CPU
		{B84DCE24-39FA-4A33-9EEC-1B1D41BB1183}.Release|Mixed Platforms.Build.0 = Release|Any CPU
		{B84DCE24-39FA-4A33-9EEC-1B1D41BB1183}.Release|x86.ActiveCfg = Release|Any CPU
		{B84DCE24-39FA-4A33-9EEC-1B1D41BB1183}.Release|x86.Build.0 = Release|Any CPU
	EndGlobalSection
	GlobalSection(SolutionProperties) = preSolution
		HideSolutionNode = FALSE
	EndGlobalSection
EndGlobal
